
Microsoft Visual Studio Solution File, Format Version 12.00
# Visual Studio Version 16
VisualStudioVersion = 16.0.29728.190
MinimumVisualStudioVersion = 10.0.40219.1
Project("{9A19103F-16F7-4668-BE54-9A1E7A4F7556}") = "TernaryAccess", "TernaryAccess\TernaryAccess.csproj", "{B1121AA2-7C2A-4383-BFA9-074EF4984CEA}"
EndProject
Project("{FAE04EC0-301F-11D3-BF4B-00C04F79EFBC}") = "SalesLibrary", "SalesLibrary\SalesLibrary.csproj", "{9BDB71A9-CA5E-4779-8D41-967ACA7BDF63}"
EndProject
Global
	GlobalSection(SolutionConfigurationPlatforms) = preSolution
		Debug|Any CPU = Debug|Any CPU
		Release|Any CPU = Release|Any CPU
	EndGlobalSection
	GlobalSection(ProjectConfigurationPlatforms) = postSolution
		{B1121AA2-7C2A-4383-BFA9-074EF4984CEA}.Debug|Any CPU.ActiveCfg = Debug|Any CPU
		{B1121AA2-7C2A-4383-BFA9-074EF4984CEA}.Debug|Any CPU.Build.0 = Debug|Any CPU
		{B1121AA2-7C2A-4383-BFA9-074EF4984CEA}.Release|Any CPU.ActiveCfg = Release|Any CPU
		{B1121AA2-7C2A-4383-BFA9-074EF4984CEA}.Release|Any CPU.Build.0 = Release|Any CPU
		{9BDB71A9-CA5E-4779-8D41-967ACA7BDF63}.Debug|Any CPU.ActiveCfg = Debug|Any CPU
		{9BDB71A9-CA5E-4779-8D41-967ACA7BDF63}.Debug|Any CPU.Build.0 = Debug|Any CPU
		{9BDB71A9-CA5E-4779-8D41-967ACA7BDF63}.Release|Any CPU.ActiveCfg = Release|Any CPU
		{9BDB71A9-CA5E-4779-8D41-967ACA7BDF63}.Release|Any CPU.Build.0 = Release|Any CPU
	EndGlobalSection
	GlobalSection(SolutionProperties) = preSolution
		HideSolutionNode = FALSE
	EndGlobalSection
	GlobalSection(ExtensibilityGlobals) = postSolution
		SolutionGuid = {42097015-F7C6-4424-9F0F-80718F291F56}
	EndGlobalSection
EndGlobal
